
Microsoft Visual Studio Solution File, Format Version 12.00
# Visual Studio 2013
VisualStudioVersion = 12.0.30723.0
MinimumVisualStudioVersion = 10.0.40219.1
Project("{FAE04EC0-301F-11D3-BF4B-00C04F79EFBC}") = "Minesweeper", "Minesweeper.csproj", "{0E25E611-F91A-48A5-B179-1CAF77429F77}"
EndProject
Project("{00D1A9C2-B5F0-4AF3-8072-F6C62B433612}") = "Database", "Database\Database.sqlproj", "{AAF803AD-3F79-428C-83EB-304FAAC7873A}"
EndProject
Global
	GlobalSection(SolutionConfigurationPlatforms) = preSolution
		Debug|Any CPU = Debug|Any CPU
		Release|Any CPU = Release|Any CPU
	EndGlobalSection
	GlobalSection(ProjectConfigurationPlatforms) = postSolution
		{0E25E611-F91A-48A5-B179-1CAF77429F77}.Debug|Any CPU.ActiveCfg = Debug|Any CPU
		{0E25E611-F91A-48A5-B179-1CAF77429F77}.Debug|Any CPU.Build.0 = Debug|Any CPU
		{0E25E611-F91A-48A5-B179-1CAF77429F77}.Release|Any CPU.ActiveCfg = Release|Any CPU
		{0E25E611-F91A-48A5-B179-1CAF77429F77}.Release|Any CPU.Build.0 = Release|Any CPU
		{AAF803AD-3F79-428C-83EB-304FAAC7873A}.Debug|Any CPU.ActiveCfg = Debug|Any CPU
		{AAF803AD-3F79-428C-83EB-304FAAC7873A}.Debug|Any CPU.Build.0 = Debug|Any CPU
		{AAF803AD-3F79-428C-83EB-304FAAC7873A}.Debug|Any CPU.Deploy.0 = Debug|Any CPU
		{AAF803AD-3F79-428C-83EB-304FAAC7873A}.Release|Any CPU.ActiveCfg = Release|Any CPU
		{AAF803AD-3F79-428C-83EB-304FAAC7873A}.Release|Any CPU.Build.0 = Release|Any CPU
		{AAF803AD-3F79-428C-83EB-304FAAC7873A}.Release|Any CPU.Deploy.0 = Release|Any CPU
	EndGlobalSection
	GlobalSection(SolutionProperties) = preSolution
		HideSolutionNode = FALSE
	EndGlobalSection
EndGlobal
